// !$*UTF8*$!
{
	archiveVersion = 1;
	classes = {
	};
	objectVersion = 55;
	objects = {

/* Begin PBXBuildFile section */
		724815DD28403EB300D0D42C /* ConfettiSwiftUI in Frameworks */ = {isa = PBXBuildFile; productRef = 724815DC28403EB300D0D42C /* ConfettiSwiftUI */; };
		72527EF32866C8B200061296 /* 67736985153__9BD5144E-AA87-4CB8-89A0-3207E3410E73.HEIC in Resources */ = {isa = PBXBuildFile; fileRef = 72527ED52866C8B000061296 /* 67736985153__9BD5144E-AA87-4CB8-89A0-3207E3410E73.HEIC */; };
		72527EF42866C8B200061296 /* IMG_0031.JPG in Resources */ = {isa = PBXBuildFile; fileRef = 72527ED62866C8B000061296 /* IMG_0031.JPG */; };
		72527EF52866C8B200061296 /* IMG_3971.HEIC in Resources */ = {isa = PBXBuildFile; fileRef = 72527ED72866C8B000061296 /* IMG_3971.HEIC */; };
		72527EF62866C8B200061296 /* IMG_3931.HEIC in Resources */ = {isa = PBXBuildFile; fileRef = 72527ED82866C8B000061296 /* IMG_3931.HEIC */; };
		72527EF72866C8B200061296 /* IMG_4033.HEIC in Resources */ = {isa = PBXBuildFile; fileRef = 72527ED92866C8B000061296 /* IMG_4033.HEIC */; };
		72527EF82866C8B200061296 /* IMG_3955.HEIC in Resources */ = {isa = PBXBuildFile; fileRef = 72527EDA2866C8B000061296 /* IMG_3955.HEIC */; };
		72527EF92866C8B200061296 /* IMG_3980.HEIC in Resources */ = {isa = PBXBuildFile; fileRef = 72527EDB2866C8B000061296 /* IMG_3980.HEIC */; };
		72527EFA2866C8B200061296 /* IMG_6493.HEIC in Resources */ = {isa = PBXBuildFile; fileRef = 72527EDC2866C8B000061296 /* IMG_6493.HEIC */; };
		72527EFB2866C8B200061296 /* IMG_1450.JPG in Resources */ = {isa = PBXBuildFile; fileRef = 72527EDD2866C8B100061296 /* IMG_1450.JPG */; };
		72527EFC2866C8B200061296 /* IMG_3989.HEIC in Resources */ = {isa = PBXBuildFile; fileRef = 72527EDE2866C8B100061296 /* IMG_3989.HEIC */; };
		72527EFD2866C8B200061296 /* IMG_4054.JPG in Resources */ = {isa = PBXBuildFile; fileRef = 72527EDF2866C8B100061296 /* IMG_4054.JPG */; };
		72527EFE2866C8B200061296 /* IMG_6343.JPG in Resources */ = {isa = PBXBuildFile; fileRef = 72527EE02866C8B100061296 /* IMG_6343.JPG */; };
		72527EFF2866C8B200061296 /* IMG_4023.HEIC in Resources */ = {isa = PBXBuildFile; fileRef = 72527EE12866C8B100061296 /* IMG_4023.HEIC */; };
		72527F002866C8B200061296 /* IMG_4021.HEIC in Resources */ = {isa = PBXBuildFile; fileRef = 72527EE22866C8B100061296 /* IMG_4021.HEIC */; };
		72527F012866C8B200061296 /* IMG_3969.HEIC in Resources */ = {isa = PBXBuildFile; fileRef = 72527EE32866C8B100061296 /* IMG_3969.HEIC */; };
		72527F022866C8B200061296 /* IMG_4005.HEIC in Resources */ = {isa = PBXBuildFile; fileRef = 72527EE42866C8B100061296 /* IMG_4005.HEIC */; };
		72527F032866C8B200061296 /* IMG_4001.HEIC in Resources */ = {isa = PBXBuildFile; fileRef = 72527EE52866C8B100061296 /* IMG_4001.HEIC */; };
		72527F042866C8B200061296 /* IMG_3985.HEIC in Resources */ = {isa = PBXBuildFile; fileRef = 72527EE62866C8B100061296 /* IMG_3985.HEIC */; };
		72527F052866C8B200061296 /* IMG_1453.JPG in Resources */ = {isa = PBXBuildFile; fileRef = 72527EE72866C8B100061296 /* IMG_1453.JPG */; };
		72527F062866C8B200061296 /* IMG_3963.HEIC in Resources */ = {isa = PBXBuildFile; fileRef = 72527EE82866C8B100061296 /* IMG_3963.HEIC */; };
		72527F072866C8B200061296 /* IMG_3975.HEIC in Resources */ = {isa = PBXBuildFile; fileRef = 72527EE92866C8B100061296 /* IMG_3975.HEIC */; };
		72527F082866C8B200061296 /* IMG_4025.HEIC in Resources */ = {isa = PBXBuildFile; fileRef = 72527EEA2866C8B200061296 /* IMG_4025.HEIC */; };
		72527F092866C8B200061296 /* IMG_3900.HEIC in Resources */ = {isa = PBXBuildFile; fileRef = 72527EEB2866C8B200061296 /* IMG_3900.HEIC */; };
		72527F0A2866C8B200061296 /* IMG_4037.HEIC in Resources */ = {isa = PBXBuildFile; fileRef = 72527EEC2866C8B200061296 /* IMG_4037.HEIC */; };
		72527F0B2866C8B200061296 /* IMG_4011.HEIC in Resources */ = {isa = PBXBuildFile; fileRef = 72527EED2866C8B200061296 /* IMG_4011.HEIC */; };
		72527F0C2866C8B200061296 /* IMG_0012.JPG in Resources */ = {isa = PBXBuildFile; fileRef = 72527EEE2866C8B200061296 /* IMG_0012.JPG */; };
		72527F0D2866C8B200061296 /* IMG_4024.HEIC in Resources */ = {isa = PBXBuildFile; fileRef = 72527EEF2866C8B200061296 /* IMG_4024.HEIC */; };
		72527F0E2866C8B200061296 /* IMG_3992.HEIC in Resources */ = {isa = PBXBuildFile; fileRef = 72527EF02866C8B200061296 /* IMG_3992.HEIC */; };
		72527F0F2866C8B200061296 /* IMG_0028.JPG in Resources */ = {isa = PBXBuildFile; fileRef = 72527EF12866C8B200061296 /* IMG_0028.JPG */; };
		72527F102866C8B200061296 /* IMG_3888.HEIC in Resources */ = {isa = PBXBuildFile; fileRef = 72527EF22866C8B200061296 /* IMG_3888.HEIC */; };
		72D2C3772814CE62008071ED /* CatchYouThenApp.swift in Sources */ = {isa = PBXBuildFile; fileRef = 72D2C3762814CE62008071ED /* CatchYouThenApp.swift */; };
		72D2C37B2814CE63008071ED /* Assets.xcassets in Resources */ = {isa = PBXBuildFile; fileRef = 72D2C37A2814CE63008071ED /* Assets.xcassets */; };
		72D2C37E2814CE63008071ED /* Preview Assets.xcassets in Resources */ = {isa = PBXBuildFile; fileRef = 72D2C37D2814CE63008071ED /* Preview Assets.xcassets */; };
		72D2C3DA2814E072008071ED /* CircleView.swift in Sources */ = {isa = PBXBuildFile; fileRef = 72D2C3D92814E072008071ED /* CircleView.swift */; };
		72D2C3DC2814E7FC008071ED /* Store.swift in Sources */ = {isa = PBXBuildFile; fileRef = 72D2C3DB2814E7FB008071ED /* Store.swift */; };
/* End PBXBuildFile section */

/* Begin PBXFileReference section */
		72527ED52866C8B000061296 /* 67736985153__9BD5144E-AA87-4CB8-89A0-3207E3410E73.HEIC */ = {isa = PBXFileReference; lastKnownFileType = file; path = "67736985153__9BD5144E-AA87-4CB8-89A0-3207E3410E73.HEIC"; sourceTree = "<group>"; };
		72527ED62866C8B000061296 /* IMG_0031.JPG */ = {isa = PBXFileReference; lastKnownFileType = image.jpeg; path = IMG_0031.JPG; sourceTree = "<group>"; };
		72527ED72866C8B000061296 /* IMG_3971.HEIC */ = {isa = PBXFileReference; lastKnownFileType = file; path = IMG_3971.HEIC; sourceTree = "<group>"; };
		72527ED82866C8B000061296 /* IMG_3931.HEIC */ = {isa = PBXFileReference; lastKnownFileType = file; path = IMG_3931.HEIC; sourceTree = "<group>"; };
		72527ED92866C8B000061296 /* IMG_4033.HEIC */ = {isa = PBXFileReference; lastKnownFileType = file; path = IMG_4033.HEIC; sourceTree = "<group>"; };
		72527EDA2866C8B000061296 /* IMG_3955.HEIC */ = {isa = PBXFileReference; lastKnownFileType = file; path = IMG_3955.HEIC; sourceTree = "<group>"; };
		72527EDB2866C8B000061296 /* IMG_3980.HEIC */ = {isa = PBXFileReference; lastKnownFileType = file; path = IMG_3980.HEIC; sourceTree = "<group>"; };
		72527EDC2866C8B000061296 /* IMG_6493.HEIC */ = {isa = PBXFileReference; lastKnownFileType = file; path = IMG_6493.HEIC; sourceTree = "<group>"; };
		72527EDD2866C8B100061296 /* IMG_1450.JPG */ = {isa = PBXFileReference; lastKnownFileType = image.jpeg; path = IMG_1450.JPG; sourceTree = "<group>"; };
		72527EDE2866C8B100061296 /* IMG_3989.HEIC */ = {isa = PBXFileReference; lastKnownFileType = file; path = IMG_3989.HEIC; sourceTree = "<group>"; };
		72527EDF2866C8B100061296 /* IMG_4054.JPG */ = {isa = PBXFileReference; lastKnownFileType = image.jpeg; path = IMG_4054.JPG; sourceTree = "<group>"; };
		72527EE02866C8B100061296 /* IMG_6343.JPG */ = {isa = PBXFileReference; lastKnownFileType = image.jpeg; path = IMG_6343.JPG; sourceTree = "<group>"; };
		72527EE12866C8B100061296 /* IMG_4023.HEIC */ = {isa = PBXFileReference; lastKnownFileType = file; path = IMG_4023.HEIC; sourceTree = "<group>"; };
		72527EE22866C8B100061296 /* IMG_4021.HEIC */ = {isa = PBXFileReference; lastKnownFileType = file; path = IMG_4021.HEIC; sourceTree = "<group>"; };
		72527EE32866C8B100061296 /* IMG_3969.HEIC */ = {isa = PBXFileReference; lastKnownFileType = file; path = IMG_3969.HEIC; sourceTree = "<group>"; };
		72527EE42866C8B100061296 /* IMG_4005.HEIC */ = {isa = PBXFileReference; lastKnownFileType = file; path = IMG_4005.HEIC; sourceTree = "<group>"; };
		72527EE52866C8B100061296 /* IMG_4001.HEIC */ = {isa = PBXFileReference; lastKnownFileType = file; path = IMG_4001.HEIC; sourceTree = "<group>"; };
		72527EE62866C8B100061296 /* IMG_3985.HEIC */ = {isa = PBXFileReference; lastKnownFileType = file; path = IMG_3985.HEIC; sourceTree = "<group>"; };
		72527EE72866C8B100061296 /* IMG_1453.JPG */ = {isa = PBXFileReference; lastKnownFileType = image.jpeg; path = IMG_1453.JPG; sourceTree = "<group>"; };
		72527EE82866C8B100061296 /* IMG_3963.HEIC */ = {isa = PBXFileReference; lastKnownFileType = file; path = IMG_3963.HEIC; sourceTree = "<group>"; };
		72527EE92866C8B100061296 /* IMG_3975.HEIC */ = {isa = PBXFileReference; lastKnownFileType = file; path = IMG_3975.HEIC; sourceTree = "<group>"; };
		72527EEA2866C8B200061296 /* IMG_4025.HEIC */ = {isa = PBXFileReference; lastKnownFileType = file; path = IMG_4025.HEIC; sourceTree = "<group>"; };
		72527EEB2866C8B200061296 /* IMG_3900.HEIC */ = {isa = PBXFileReference; lastKnownFileType = file; path = IMG_3900.HEIC; sourceTree = "<group>"; };
		72527EEC2866C8B200061296 /* IMG_4037.HEIC */ = {isa = PBXFileReference; lastKnownFileType = file; path = IMG_4037.HEIC; sourceTree = "<group>"; };
		72527EED2866C8B200061296 /* IMG_4011.HEIC */ = {isa = PBXFileReference; lastKnownFileType = file; path = IMG_4011.HEIC; sourceTree = "<group>"; };
		72527EEE2866C8B200061296 /* IMG_0012.JPG */ = {isa = PBXFileReference; lastKnownFileType = image.jpeg; path = IMG_0012.JPG; sourceTree = "<group>"; };
		72527EEF2866C8B200061296 /* IMG_4024.HEIC */ = {isa = PBXFileReference; lastKnownFileType = file; path = IMG_4024.HEIC; sourceTree = "<group>"; };
		72527EF02866C8B200061296 /* IMG_3992.HEIC */ = {isa = PBXFileReference; lastKnownFileType = file; path = IMG_3992.HEIC; sourceTree = "<group>"; };
		72527EF12866C8B200061296 /* IMG_0028.JPG */ = {isa = PBXFileReference; lastKnownFileType = image.jpeg; path = IMG_0028.JPG; sourceTree = "<group>"; };
		72527EF22866C8B200061296 /* IMG_3888.HEIC */ = {isa = PBXFileReference; lastKnownFileType = file; path = IMG_3888.HEIC; sourceTree = "<group>"; };
		72D2C3732814CE62008071ED /* CatchYouThen.app */ = {isa = PBXFileReference; explicitFileType = wrapper.application; includeInIndex = 0; path = CatchYouThen.app; sourceTree = BUILT_PRODUCTS_DIR; };
		72D2C3762814CE62008071ED /* CatchYouThenApp.swift */ = {isa = PBXFileReference; lastKnownFileType = sourcecode.swift; path = CatchYouThenApp.swift; sourceTree = "<group>"; };
		72D2C37A2814CE63008071ED /* Assets.xcassets */ = {isa = PBXFileReference; lastKnownFileType = folder.assetcatalog; path = Assets.xcassets; sourceTree = "<group>"; };
		72D2C37D2814CE63008071ED /* Preview Assets.xcassets */ = {isa = PBXFileReference; lastKnownFileType = folder.assetcatalog; path = "Preview Assets.xcassets"; sourceTree = "<group>"; };
		72D2C3D92814E072008071ED /* CircleView.swift */ = {isa = PBXFileReference; lastKnownFileType = sourcecode.swift; path = CircleView.swift; sourceTree = "<group>"; };
		72D2C3DB2814E7FB008071ED /* Store.swift */ = {isa = PBXFileReference; lastKnownFileType = sourcecode.swift; path = Store.swift; sourceTree = "<group>"; };
		72D2C44928156F9A008071ED /* Info.plist */ = {isa = PBXFileReference; lastKnownFileType = text.plist; path = Info.plist; sourceTree = "<group>"; };
/* End PBXFileReference section */

/* Begin PBXFrameworksBuildPhase section */
		72D2C3702814CE62008071ED /* Frameworks */ = {
			isa = PBXFrameworksBuildPhase;
			buildActionMask = 2147483647;
			files = (
				724815DD28403EB300D0D42C /* ConfettiSwiftUI in Frameworks */,
			);
			runOnlyForDeploymentPostprocessing = 0;
		};
/* End PBXFrameworksBuildPhase section */

/* Begin PBXGroup section */
		72D2C36A2814CE62008071ED = {
			isa = PBXGroup;
			children = (
				72D2C3752814CE62008071ED /* CatchYouThen */,
				72D2C3742814CE62008071ED /* Products */,
			);
			sourceTree = "<group>";
		};
		72D2C3742814CE62008071ED /* Products */ = {
			isa = PBXGroup;
			children = (
				72D2C3732814CE62008071ED /* CatchYouThen.app */,
			);
			name = Products;
			sourceTree = "<group>";
		};
		72D2C3752814CE62008071ED /* CatchYouThen */ = {
			isa = PBXGroup;
			children = (
				72D2C44928156F9A008071ED /* Info.plist */,
				72D2C3DB2814E7FB008071ED /* Store.swift */,
				72D2C3D82814E023008071ED /* Images */,
				72D2C3762814CE62008071ED /* CatchYouThenApp.swift */,
				72D2C37A2814CE63008071ED /* Assets.xcassets */,
				72D2C37C2814CE63008071ED /* Preview Content */,
				72D2C3D92814E072008071ED /* CircleView.swift */,
			);
			path = CatchYouThen;
			sourceTree = "<group>";
		};
		72D2C37C2814CE63008071ED /* Preview Content */ = {
			isa = PBXGroup;
			children = (
				72D2C37D2814CE63008071ED /* Preview Assets.xcassets */,
			);
			path = "Preview Content";
			sourceTree = "<group>";
		};
		72D2C3D82814E023008071ED /* Images */ = {
			isa = PBXGroup;
			children = (
				72527ED52866C8B000061296 /* 67736985153__9BD5144E-AA87-4CB8-89A0-3207E3410E73.HEIC */,
				72527EEE2866C8B200061296 /* IMG_0012.JPG */,
				72527EF12866C8B200061296 /* IMG_0028.JPG */,
				72527ED62866C8B000061296 /* IMG_0031.JPG */,
				72527EDD2866C8B100061296 /* IMG_1450.JPG */,
				72527EE72866C8B100061296 /* IMG_1453.JPG */,
				72527EF22866C8B200061296 /* IMG_3888.HEIC */,
				72527EEB2866C8B200061296 /* IMG_3900.HEIC */,
				72527ED82866C8B000061296 /* IMG_3931.HEIC */,
				72527EDA2866C8B000061296 /* IMG_3955.HEIC */,
				72527EE82866C8B100061296 /* IMG_3963.HEIC */,
				72527EE32866C8B100061296 /* IMG_3969.HEIC */,
				72527ED72866C8B000061296 /* IMG_3971.HEIC */,
				72527EE92866C8B100061296 /* IMG_3975.HEIC */,
				72527EDB2866C8B000061296 /* IMG_3980.HEIC */,
				72527EE62866C8B100061296 /* IMG_3985.HEIC */,
				72527EDE2866C8B100061296 /* IMG_3989.HEIC */,
				72527EF02866C8B200061296 /* IMG_3992.HEIC */,
				72527EE52866C8B100061296 /* IMG_4001.HEIC */,
				72527EE42866C8B100061296 /* IMG_4005.HEIC */,
				72527EED2866C8B200061296 /* IMG_4011.HEIC */,
				72527EE22866C8B100061296 /* IMG_4021.HEIC */,
				72527EE12866C8B100061296 /* IMG_4023.HEIC */,
				72527EEF2866C8B200061296 /* IMG_4024.HEIC */,
				72527EEA2866C8B200061296 /* IMG_4025.HEIC */,
				72527ED92866C8B000061296 /* IMG_4033.HEIC */,
				72527EEC2866C8B200061296 /* IMG_4037.HEIC */,
				72527EDF2866C8B100061296 /* IMG_4054.JPG */,
				72527EE02866C8B100061296 /* IMG_6343.JPG */,
				72527EDC2866C8B000061296 /* IMG_6493.HEIC */,
			);
			name = Images;
			sourceTree = "<group>";
		};
/* End PBXGroup section */

/* Begin PBXNativeTarget section */
		72D2C3722814CE62008071ED /* CatchYouThen */ = {
			isa = PBXNativeTarget;
			buildConfigurationList = 72D2C3812814CE63008071ED /* Build configuration list for PBXNativeTarget "CatchYouThen" */;
			buildPhases = (
				72D2C36F2814CE62008071ED /* Sources */,
				72D2C3702814CE62008071ED /* Frameworks */,
				72D2C3712814CE62008071ED /* Resources */,
			);
			buildRules = (
			);
			dependencies = (
			);
			name = CatchYouThen;
			packageProductDependencies = (
				724815DC28403EB300D0D42C /* ConfettiSwiftUI */,
			);
			productName = CatchYouThen;
			productReference = 72D2C3732814CE62008071ED /* CatchYouThen.app */;
			productType = "com.apple.product-type.application";
		};
/* End PBXNativeTarget section */

/* Begin PBXProject section */
		72D2C36B2814CE62008071ED /* Project object */ = {
			isa = PBXProject;
			attributes = {
				BuildIndependentTargetsInParallel = 1;
				LastSwiftUpdateCheck = 1330;
				LastUpgradeCheck = 1330;
				TargetAttributes = {
					72D2C3722814CE62008071ED = {
						CreatedOnToolsVersion = 13.3.1;
					};
				};
			};
			buildConfigurationList = 72D2C36E2814CE62008071ED /* Build configuration list for PBXProject "CatchYouThen" */;
			compatibilityVersion = "Xcode 13.0";
			developmentRegion = en;
			hasScannedForEncodings = 0;
			knownRegions = (
				en,
				Base,
			);
			mainGroup = 72D2C36A2814CE62008071ED;
			packageReferences = (
				724815DB28403EB300D0D42C /* XCRemoteSwiftPackageReference "ConfettiSwiftUI" */,
			);
			productRefGroup = 72D2C3742814CE62008071ED /* Products */;
			projectDirPath = "";
			projectRoot = "";
			targets = (
				72D2C3722814CE62008071ED /* CatchYouThen */,
			);
		};
/* End PBXProject section */

/* Begin PBXResourcesBuildPhase section */
		72D2C3712814CE62008071ED /* Resources */ = {
			isa = PBXResourcesBuildPhase;
			buildActionMask = 2147483647;
			files = (
				72527F052866C8B200061296 /* IMG_1453.JPG in Resources */,
				72527EF52866C8B200061296 /* IMG_3971.HEIC in Resources */,
				72D2C37E2814CE63008071ED /* Preview Assets.xcassets in Resources */,
				72527EFD2866C8B200061296 /* IMG_4054.JPG in Resources */,
				72527EFE2866C8B200061296 /* IMG_6343.JPG in Resources */,
				72527F0E2866C8B200061296 /* IMG_3992.HEIC in Resources */,
				72527F032866C8B200061296 /* IMG_4001.HEIC in Resources */,
				72527F042866C8B200061296 /* IMG_3985.HEIC in Resources */,
				72527EF72866C8B200061296 /* IMG_4033.HEIC in Resources */,
				72527EFB2866C8B200061296 /* IMG_1450.JPG in Resources */,
				72527EF62866C8B200061296 /* IMG_3931.HEIC in Resources */,
				72527F102866C8B200061296 /* IMG_3888.HEIC in Resources */,
				72527F0D2866C8B200061296 /* IMG_4024.HEIC in Resources */,
				72527F092866C8B200061296 /* IMG_3900.HEIC in Resources */,
				72527F002866C8B200061296 /* IMG_4021.HEIC in Resources */,
				72527F082866C8B200061296 /* IMG_4025.HEIC in Resources */,
				72527F072866C8B200061296 /* IMG_3975.HEIC in Resources */,
				72527EFC2866C8B200061296 /* IMG_3989.HEIC in Resources */,
				72D2C37B2814CE63008071ED /* Assets.xcassets in Resources */,
				72527F0A2866C8B200061296 /* IMG_4037.HEIC in Resources */,
				72527F0B2866C8B200061296 /* IMG_4011.HEIC in Resources */,
				72527F0C2866C8B200061296 /* IMG_0012.JPG in Resources */,
				72527F062866C8B200061296 /* IMG_3963.HEIC in Resources */,
				72527F0F2866C8B200061296 /* IMG_0028.JPG in Resources */,
				72527EF32866C8B200061296 /* 67736985153__9BD5144E-AA87-4CB8-89A0-3207E3410E73.HEIC in Resources */,
				72527F012866C8B200061296 /* IMG_3969.HEIC in Resources */,
				72527EFA2866C8B200061296 /* IMG_6493.HEIC in Resources */,
				72527EF82866C8B200061296 /* IMG_3955.HEIC in Resources */,
				72527EF42866C8B200061296 /* IMG_0031.JPG in Resources */,
				72527EF92866C8B200061296 /* IMG_3980.HEIC in Resources */,
				72527EFF2866C8B200061296 /* IMG_4023.HEIC in Resources */,
				72527F022866C8B200061296 /* IMG_4005.HEIC in Resources */,
			);
			runOnlyForDeploymentPostprocessing = 0;
		};
/* End PBXResourcesBuildPhase section */

/* Begin PBXSourcesBuildPhase section */
		72D2C36F2814CE62008071ED /* Sources */ = {
			isa = PBXSourcesBuildPhase;
			buildActionMask = 2147483647;
			files = (
				72D2C3DC2814E7FC008071ED /* Store.swift in Sources */,
				72D2C3DA2814E072008071ED /* CircleView.swift in Sources */,
				72D2C3772814CE62008071ED /* CatchYouThenApp.swift in Sources */,
			);
			runOnlyForDeploymentPostprocessing = 0;
		};
/* End PBXSourcesBuildPhase section */

/* Begin XCBuildConfiguration section */
		72D2C37F2814CE63008071ED /* Debug */ = {
			isa = XCBuildConfiguration;
			buildSettings = {
				ALWAYS_SEARCH_USER_PATHS = NO;
				CLANG_ANALYZER_NONNULL = YES;
				CLANG_ANALYZER_NUMBER_OBJECT_CONVERSION = YES_AGGRESSIVE;
				CLANG_CXX_LANGUAGE_STANDARD = "gnu++17";
				CLANG_ENABLE_MODULES = YES;
				CLANG_ENABLE_OBJC_ARC = YES;
				CLANG_ENABLE_OBJC_WEAK = YES;
				CLANG_WARN_BLOCK_CAPTURE_AUTORELEASING = YES;
				CLANG_WARN_BOOL_CONVERSION = YES;
				CLANG_WARN_COMMA = YES;
				CLANG_WARN_CONSTANT_CONVERSION = YES;
				CLANG_WARN_DEPRECATED_OBJC_IMPLEMENTATIONS = YES;
				CLANG_WARN_DIRECT_OBJC_ISA_USAGE = YES_ERROR;
				CLANG_WARN_DOCUMENTATION_COMMENTS = YES;
				CLANG_WARN_EMPTY_BODY = YES;
				CLANG_WARN_ENUM_CONVERSION = YES;
				CLANG_WARN_INFINITE_RECURSION = YES;
				CLANG_WARN_INT_CONVERSION = YES;
				CLANG_WARN_NON_LITERAL_NULL_CONVERSION = YES;
				CLANG_WARN_OBJC_IMPLICIT_RETAIN_SELF = YES;
				CLANG_WARN_OBJC_LITERAL_CONVERSION = YES;
				CLANG_WARN_OBJC_ROOT_CLASS = YES_ERROR;
				CLANG_WARN_QUOTED_INCLUDE_IN_FRAMEWORK_HEADER = YES;
				CLANG_WARN_RANGE_LOOP_ANALYSIS = YES;
				CLANG_WARN_STRICT_PROTOTYPES = YES;
				CLANG_WARN_SUSPICIOUS_MOVE = YES;
				CLANG_WARN_UNGUARDED_AVAILABILITY = YES_AGGRESSIVE;
				CLANG_WARN_UNREACHABLE_CODE = YES;
				CLANG_WARN__DUPLICATE_METHOD_MATCH = YES;
				COPY_PHASE_STRIP = NO;
				DEBUG_INFORMATION_FORMAT = dwarf;
				ENABLE_STRICT_OBJC_MSGSEND = YES;
				ENABLE_TESTABILITY = YES;
				GCC_C_LANGUAGE_STANDARD = gnu11;
				GCC_DYNAMIC_NO_PIC = NO;
				GCC_NO_COMMON_BLOCKS = YES;
				GCC_OPTIMIZATION_LEVEL = 0;
				GCC_PREPROCESSOR_DEFINITIONS = (
					"DEBUG=1",
					"$(inherited)",
				);
				GCC_WARN_64_TO_32_BIT_CONVERSION = YES;
				GCC_WARN_ABOUT_RETURN_TYPE = YES_ERROR;
				GCC_WARN_UNDECLARED_SELECTOR = YES;
				GCC_WARN_UNINITIALIZED_AUTOS = YES_AGGRESSIVE;
				GCC_WARN_UNUSED_FUNCTION = YES;
				GCC_WARN_UNUSED_VARIABLE = YES;
				IPHONEOS_DEPLOYMENT_TARGET = 15.4;
				MTL_ENABLE_DEBUG_INFO = INCLUDE_SOURCE;
				MTL_FAST_MATH = YES;
				ONLY_ACTIVE_ARCH = YES;
				SDKROOT = iphoneos;
				SWIFT_ACTIVE_COMPILATION_CONDITIONS = DEBUG;
				SWIFT_OPTIMIZATION_LEVEL = "-Onone";
			};
			name = Debug;
		};
		72D2C3802814CE63008071ED /* Release */ = {
			isa = XCBuildConfiguration;
			buildSettings = {
				ALWAYS_SEARCH_USER_PATHS = NO;
				CLANG_ANALYZER_NONNULL = YES;
				CLANG_ANALYZER_NUMBER_OBJECT_CONVERSION = YES_AGGRESSIVE;
				CLANG_CXX_LANGUAGE_STANDARD = "gnu++17";
				CLANG_ENABLE_MODULES = YES;
				CLANG_ENABLE_OBJC_ARC = YES;
				CLANG_ENABLE_OBJC_WEAK = YES;
				CLANG_WARN_BLOCK_CAPTURE_AUTORELEASING = YES;
				CLANG_WARN_BOOL_CONVERSION = YES;
				CLANG_WARN_COMMA = YES;
				CLANG_WARN_CONSTANT_CONVERSION = YES;
				CLANG_WARN_DEPRECATED_OBJC_IMPLEMENTATIONS = YES;
				CLANG_WARN_DIRECT_OBJC_ISA_USAGE = YES_ERROR;
				CLANG_WARN_DOCUMENTATION_COMMENTS = YES;
				CLANG_WARN_EMPTY_BODY = YES;
				CLANG_WARN_ENUM_CONVERSION = YES;
				CLANG_WARN_INFINITE_RECURSION = YES;
				CLANG_WARN_INT_CONVERSION = YES;
				CLANG_WARN_NON_LITERAL_NULL_CONVERSION = YES;
				CLANG_WARN_OBJC_IMPLICIT_RETAIN_SELF = YES;
				CLANG_WARN_OBJC_LITERAL_CONVERSION = YES;
				CLANG_WARN_OBJC_ROOT_CLASS = YES_ERROR;
				CLANG_WARN_QUOTED_INCLUDE_IN_FRAMEWORK_HEADER = YES;
				CLANG_WARN_RANGE_LOOP_ANALYSIS = YES;
				CLANG_WARN_STRICT_PROTOTYPES = YES;
				CLANG_WARN_SUSPICIOUS_MOVE = YES;
				CLANG_WARN_UNGUARDED_AVAILABILITY = YES_AGGRESSIVE;
				CLANG_WARN_UNREACHABLE_CODE = YES;
				CLANG_WARN__DUPLICATE_METHOD_MATCH = YES;
				COPY_PHASE_STRIP = NO;
				DEBUG_INFORMATION_FORMAT = "dwarf-with-dsym";
				ENABLE_NS_ASSERTIONS = NO;
				ENABLE_STRICT_OBJC_MSGSEND = YES;
				GCC_C_LANGUAGE_STANDARD = gnu11;
				GCC_NO_COMMON_BLOCKS = YES;
				GCC_WARN_64_TO_32_BIT_CONVERSION = YES;
				GCC_WARN_ABOUT_RETURN_TYPE = YES_ERROR;
				GCC_WARN_UNDECLARED_SELECTOR = YES;
				GCC_WARN_UNINITIALIZED_AUTOS = YES_AGGRESSIVE;
				GCC_WARN_UNUSED_FUNCTION = YES;
				GCC_WARN_UNUSED_VARIABLE = YES;
				IPHONEOS_DEPLOYMENT_TARGET = 15.4;
				MTL_ENABLE_DEBUG_INFO = NO;
				MTL_FAST_MATH = YES;
				SDKROOT = iphoneos;
				SWIFT_COMPILATION_MODE = wholemodule;
				SWIFT_OPTIMIZATION_LEVEL = "-O";
				VALIDATE_PRODUCT = YES;
			};
			name = Release;
		};
		72D2C3822814CE63008071ED /* Debug */ = {
			isa = XCBuildConfiguration;
			buildSettings = {
				ASSETCATALOG_COMPILER_APPICON_NAME = AppIcon;
				ASSETCATALOG_COMPILER_GLOBAL_ACCENT_COLOR_NAME = AccentColor;
				CODE_SIGN_STYLE = Automatic;
				CURRENT_PROJECT_VERSION = 1;
				DEVELOPMENT_ASSET_PATHS = "\"CatchYouThen/Preview Content\"";
				DEVELOPMENT_TEAM = T45FMQN3A6;
				ENABLE_PREVIEWS = YES;
				GENERATE_INFOPLIST_FILE = YES;
				INFOPLIST_FILE = CatchYouThen/Info.plist;
				INFOPLIST_KEY_UIApplicationSceneManifest_Generation = YES;
				INFOPLIST_KEY_UIApplicationSupportsIndirectInputEvents = YES;
				INFOPLIST_KEY_UISupportedInterfaceOrientations_iPad = "UIInterfaceOrientationPortrait UIInterfaceOrientationPortraitUpsideDown UIInterfaceOrientationLandscapeLeft UIInterfaceOrientationLandscapeRight";
				INFOPLIST_KEY_UISupportedInterfaceOrientations_iPhone = "UIInterfaceOrientationPortrait UIInterfaceOrientationLandscapeLeft UIInterfaceOrientationLandscapeRight";
				LD_RUNPATH_SEARCH_PATHS = (
					"$(inherited)",
					"@executable_path/Frameworks",
				);
				MARKETING_VERSION = 1.0;
				PRODUCT_BUNDLE_IDENTIFIER = com.andyfrench.CatchYouThen;
				PRODUCT_NAME = "$(TARGET_NAME)";
				SWIFT_EMIT_LOC_STRINGS = YES;
				SWIFT_VERSION = 5.0;
				TARGETED_DEVICE_FAMILY = "1,2";
			};
			name = Debug;
		};
		72D2C3832814CE63008071ED /* Release */ = {
			isa = XCBuildConfiguration;
			buildSettings = {
				ASSETCATALOG_COMPILER_APPICON_NAME = AppIcon;
				ASSETCATALOG_COMPILER_GLOBAL_ACCENT_COLOR_NAME = AccentColor;
				CODE_SIGN_STYLE = Automatic;
				CURRENT_PROJECT_VERSION = 1;
				DEVELOPMENT_ASSET_PATHS = "\"CatchYouThen/Preview Content\"";
				DEVELOPMENT_TEAM = T45FMQN3A6;
				ENABLE_PREVIEWS = YES;
				GENERATE_INFOPLIST_FILE = YES;
				INFOPLIST_FILE = CatchYouThen/Info.plist;
				INFOPLIST_KEY_UIApplicationSceneManifest_Generation = YES;
				INFOPLIST_KEY_UIApplicationSupportsIndirectInputEvents = YES;
				INFOPLIST_KEY_UISupportedInterfaceOrientations_iPad = "UIInterfaceOrientationPortrait UIInterfaceOrientationPortraitUpsideDown UIInterfaceOrientationLandscapeLeft UIInterfaceOrientationLandscapeRight";
				INFOPLIST_KEY_UISupportedInterfaceOrientations_iPhone = "UIInterfaceOrientationPortrait UIInterfaceOrientationLandscapeLeft UIInterfaceOrientationLandscapeRight";
				LD_RUNPATH_SEARCH_PATHS = (
					"$(inherited)",
					"@executable_path/Frameworks",
				);
				MARKETING_VERSION = 1.0;
				PRODUCT_BUNDLE_IDENTIFIER = com.andyfrench.CatchYouThen;
				PRODUCT_NAME = "$(TARGET_NAME)";
				SWIFT_EMIT_LOC_STRINGS = YES;
				SWIFT_VERSION = 5.0;
				TARGETED_DEVICE_FAMILY = "1,2";
			};
			name = Release;
		};
/* End XCBuildConfiguration section */

/* Begin XCConfigurationList section */
		72D2C36E2814CE62008071ED /* Build configuration list for PBXProject "CatchYouThen" */ = {
			isa = XCConfigurationList;
			buildConfigurations = (
				72D2C37F2814CE63008071ED /* Debug */,
				72D2C3802814CE63008071ED /* Release */,
			);
			defaultConfigurationIsVisible = 0;
			defaultConfigurationName = Release;
		};
		72D2C3812814CE63008071ED /* Build configuration list for PBXNativeTarget "CatchYouThen" */ = {
			isa = XCConfigurationList;
			buildConfigurations = (
				72D2C3822814CE63008071ED /* Debug */,
				72D2C3832814CE63008071ED /* Release */,
			);
			defaultConfigurationIsVisible = 0;
			defaultConfigurationName = Release;
		};
/* End XCConfigurationList section */

/* Begin XCRemoteSwiftPackageReference section */
		724815DB28403EB300D0D42C /* XCRemoteSwiftPackageReference "ConfettiSwiftUI" */ = {
			isa = XCRemoteSwiftPackageReference;
			repositoryURL = "https://github.com/simibac/ConfettiSwiftUI";
			requirement = {
				branch = master;
				kind = branch;
			};
		};
/* End XCRemoteSwiftPackageReference section */

/* Begin XCSwiftPackageProductDependency section */
		724815DC28403EB300D0D42C /* ConfettiSwiftUI */ = {
			isa = XCSwiftPackageProductDependency;
			package = 724815DB28403EB300D0D42C /* XCRemoteSwiftPackageReference "ConfettiSwiftUI" */;
			productName = ConfettiSwiftUI;
		};
/* End XCSwiftPackageProductDependency section */
	};
	rootObject = 72D2C36B2814CE62008071ED /* Project object */;
}
